
Microsoft Visual Studio Solution File, Format Version 12.00
# Visual Studio 15
VisualStudioVersion = 15.0.26430.13
MinimumVisualStudioVersion = 10.0.40219.1
Project("{2150E333-8FDC-42A3-9474-1A3956D46DE8}") = "src", "src", "{EB16E170-BA33-49D6-A235-457D2B1C4CFC}"
EndProject
Project("{2150E333-8FDC-42A3-9474-1A3956D46DE8}") = "test", "test", "{32E2D5E6-C58D-4795-BFB5-7FE6CBE7C3E9}"
EndProject
Project("{9A19103F-16F7-4668-BE54-9A1E7A4F7556}") = "AspectCore.Extensions.CrossParameters", "src\AspectCore.Extensions.CrossParameters\AspectCore.Extensions.CrossParameters.csproj", "{1392093D-9D81-4991-9792-EEC62E09D836}"
EndProject
Global
	GlobalSection(SolutionConfigurationPlatforms) = preSolution
		Debug|Any CPU = Debug|Any CPU
		Release|Any CPU = Release|Any CPU
	EndGlobalSection
	GlobalSection(ProjectConfigurationPlatforms) = postSolution
		{1392093D-9D81-4991-9792-EEC62E09D836}.Debug|Any CPU.ActiveCfg = Debug|Any CPU
		{1392093D-9D81-4991-9792-EEC62E09D836}.Debug|Any CPU.Build.0 = Debug|Any CPU
		{1392093D-9D81-4991-9792-EEC62E09D836}.Release|Any CPU.ActiveCfg = Release|Any CPU
		{1392093D-9D81-4991-9792-EEC62E09D836}.Release|Any CPU.Build.0 = Release|Any CPU
	EndGlobalSection
	GlobalSection(SolutionProperties) = preSolution
		HideSolutionNode = FALSE
	EndGlobalSection
	GlobalSection(NestedProjects) = preSolution
		{1392093D-9D81-4991-9792-EEC62E09D836} = {EB16E170-BA33-49D6-A235-457D2B1C4CFC}
	EndGlobalSection
EndGlobal
