
Microsoft Visual Studio Solution File, Format Version 12.00
# Visual Studio 14
VisualStudioVersion = 14.0.25420.1
MinimumVisualStudioVersion = 10.0.40219.1
Project("{2150E333-8FDC-42A3-9474-1A3956D46DE8}") = "src", "src", "{73F38B6C-1A05-41C8-8029-D1F2F41D3279}"
EndProject
Project("{2150E333-8FDC-42A3-9474-1A3956D46DE8}") = "Solution Items", "Solution Items", "{F107A365-9FC9-4FD8-9865-9FB652E83E61}"
	ProjectSection(SolutionItems) = preProject
		global.json = global.json
		NuGet.config = NuGet.config
	EndProjectSection
EndProject
Project("{2150E333-8FDC-42A3-9474-1A3956D46DE8}") = "test", "test", "{2DFB45E4-F9D9-472C-93E4-224E3C210FCB}"
EndProject
Project("{8BB2217D-0F2D-49D1-97BC-3654ED321F3B}") = "AspectCore.Lite", "src\AspectCore.Lite\AspectCore.Lite.xproj", "{28BC1BCF-EE46-44D5-AF8C-D7267D18CB6E}"
EndProject
Project("{8BB2217D-0F2D-49D1-97BC-3654ED321F3B}") = "AspectCore.Lite.Test", "test\AspectCore.Lite.Test\AspectCore.Lite.Test.xproj", "{F1DDD0FC-BEBC-4479-8BBA-10D7C8AE1A46}"
EndProject
Project("{8BB2217D-0F2D-49D1-97BC-3654ED321F3B}") = "AspectCore.Lite.DependencyInjection", "src\AspectCore.Lite.DependencyInjection\AspectCore.Lite.DependencyInjection.xproj", "{26CB208A-D77B-4B21-9A29-14C0260AF753}"
EndProject
Global
	GlobalSection(SolutionConfigurationPlatforms) = preSolution
		Debug|Any CPU = Debug|Any CPU
		Release|Any CPU = Release|Any CPU
	EndGlobalSection
	GlobalSection(ProjectConfigurationPlatforms) = postSolution
		{28BC1BCF-EE46-44D5-AF8C-D7267D18CB6E}.Debug|Any CPU.ActiveCfg = Debug|Any CPU
		{28BC1BCF-EE46-44D5-AF8C-D7267D18CB6E}.Debug|Any CPU.Build.0 = Debug|Any CPU
		{28BC1BCF-EE46-44D5-AF8C-D7267D18CB6E}.Release|Any CPU.ActiveCfg = Release|Any CPU
		{28BC1BCF-EE46-44D5-AF8C-D7267D18CB6E}.Release|Any CPU.Build.0 = Release|Any CPU
		{F1DDD0FC-BEBC-4479-8BBA-10D7C8AE1A46}.Debug|Any CPU.ActiveCfg = Debug|Any CPU
		{F1DDD0FC-BEBC-4479-8BBA-10D7C8AE1A46}.Debug|Any CPU.Build.0 = Debug|Any CPU
		{F1DDD0FC-BEBC-4479-8BBA-10D7C8AE1A46}.Release|Any CPU.ActiveCfg = Release|Any CPU
		{F1DDD0FC-BEBC-4479-8BBA-10D7C8AE1A46}.Release|Any CPU.Build.0 = Release|Any CPU
		{26CB208A-D77B-4B21-9A29-14C0260AF753}.Debug|Any CPU.ActiveCfg = Debug|Any CPU
		{26CB208A-D77B-4B21-9A29-14C0260AF753}.Debug|Any CPU.Build.0 = Debug|Any CPU
		{26CB208A-D77B-4B21-9A29-14C0260AF753}.Release|Any CPU.ActiveCfg = Release|Any CPU
		{26CB208A-D77B-4B21-9A29-14C0260AF753}.Release|Any CPU.Build.0 = Release|Any CPU
	EndGlobalSection
	GlobalSection(SolutionProperties) = preSolution
		HideSolutionNode = FALSE
	EndGlobalSection
	GlobalSection(NestedProjects) = preSolution
		{28BC1BCF-EE46-44D5-AF8C-D7267D18CB6E} = {73F38B6C-1A05-41C8-8029-D1F2F41D3279}
		{F1DDD0FC-BEBC-4479-8BBA-10D7C8AE1A46} = {2DFB45E4-F9D9-472C-93E4-224E3C210FCB}
		{26CB208A-D77B-4B21-9A29-14C0260AF753} = {73F38B6C-1A05-41C8-8029-D1F2F41D3279}
	EndGlobalSection
EndGlobal
