
Microsoft Visual Studio Solution File, Format Version 12.00
# Visual Studio 14
VisualStudioVersion = 14.0.25420.1
MinimumVisualStudioVersion = 10.0.40219.1
Project("{2150E333-8FDC-42A3-9474-1A3956D46DE8}") = "src", "src", "{73F38B6C-1A05-41C8-8029-D1F2F41D3279}"
EndProject
Project("{2150E333-8FDC-42A3-9474-1A3956D46DE8}") = "Solution Items", "Solution Items", "{F107A365-9FC9-4FD8-9865-9FB652E83E61}"
	ProjectSection(SolutionItems) = preProject
		global.json = global.json
		NuGet.config = NuGet.config
	EndProjectSection
EndProject
Project("{2150E333-8FDC-42A3-9474-1A3956D46DE8}") = "test", "test", "{2DFB45E4-F9D9-472C-93E4-224E3C210FCB}"
EndProject
Project("{8BB2217D-0F2D-49D1-97BC-3654ED321F3B}") = "AspectCore.Lite.Abstractions", "src\AspectCore.Lite.Abstractions\AspectCore.Lite.Abstractions.xproj", "{F85D3075-97C2-4AC1-9B36-DB752C0EDBEE}"
EndProject
Project("{8BB2217D-0F2D-49D1-97BC-3654ED321F3B}") = "AspectCore.Lite.DynamicProxy", "src\AspectCore.Lite.DynamicProxy\AspectCore.Lite.DynamicProxy.xproj", "{DDB030FA-D0DE-4823-91E1-D6D50F2ECC94}"
EndProject
Project("{8BB2217D-0F2D-49D1-97BC-3654ED321F3B}") = "AspectCore.Lite.Abstractions.Generator", "src\AspectCore.Lite.Abstractions.Generator\AspectCore.Lite.Abstractions.Generator.xproj", "{E3F11701-01F4-47D2-8DAA-525956A0F203}"
EndProject
Project("{8BB2217D-0F2D-49D1-97BC-3654ED321F3B}") = "AspectCore.Lite.Abstractions.Resolution", "src\AspectCore.Lite.Abstractions.Resolution\AspectCore.Lite.Abstractions.Resolution.xproj", "{F2580E82-734F-4F45-ACBB-59804D688D11}"
EndProject
Project("{8BB2217D-0F2D-49D1-97BC-3654ED321F3B}") = "AspectCore.Lite.Abstractions.Resolution.Test", "test\AspectCore.Lite.Abstractions.Resolution.Test\AspectCore.Lite.Abstractions.Resolution.Test.xproj", "{7A2A3D89-B699-41CC-A121-6BB67E30F0B4}"
EndProject
Project("{8BB2217D-0F2D-49D1-97BC-3654ED321F3B}") = "AspectCore.Lite.Abstractions.Test", "test\AspectCore.Lite.Abstractions.Test\AspectCore.Lite.Abstractions.Test.xproj", "{3584DA47-63ED-4379-9ECC-3888C6B2A7D5}"
EndProject
Global
	GlobalSection(SolutionConfigurationPlatforms) = preSolution
		Debug|Any CPU = Debug|Any CPU
		Release|Any CPU = Release|Any CPU
	EndGlobalSection
	GlobalSection(ProjectConfigurationPlatforms) = postSolution
		{F85D3075-97C2-4AC1-9B36-DB752C0EDBEE}.Debug|Any CPU.ActiveCfg = Debug|Any CPU
		{F85D3075-97C2-4AC1-9B36-DB752C0EDBEE}.Debug|Any CPU.Build.0 = Debug|Any CPU
		{F85D3075-97C2-4AC1-9B36-DB752C0EDBEE}.Release|Any CPU.ActiveCfg = Release|Any CPU
		{F85D3075-97C2-4AC1-9B36-DB752C0EDBEE}.Release|Any CPU.Build.0 = Release|Any CPU
		{DDB030FA-D0DE-4823-91E1-D6D50F2ECC94}.Debug|Any CPU.ActiveCfg = Debug|Any CPU
		{DDB030FA-D0DE-4823-91E1-D6D50F2ECC94}.Debug|Any CPU.Build.0 = Debug|Any CPU
		{DDB030FA-D0DE-4823-91E1-D6D50F2ECC94}.Release|Any CPU.ActiveCfg = Release|Any CPU
		{DDB030FA-D0DE-4823-91E1-D6D50F2ECC94}.Release|Any CPU.Build.0 = Release|Any CPU
		{E3F11701-01F4-47D2-8DAA-525956A0F203}.Debug|Any CPU.ActiveCfg = Debug|Any CPU
		{E3F11701-01F4-47D2-8DAA-525956A0F203}.Debug|Any CPU.Build.0 = Debug|Any CPU
		{E3F11701-01F4-47D2-8DAA-525956A0F203}.Release|Any CPU.ActiveCfg = Release|Any CPU
		{E3F11701-01F4-47D2-8DAA-525956A0F203}.Release|Any CPU.Build.0 = Release|Any CPU
		{F2580E82-734F-4F45-ACBB-59804D688D11}.Debug|Any CPU.ActiveCfg = Debug|Any CPU
		{F2580E82-734F-4F45-ACBB-59804D688D11}.Debug|Any CPU.Build.0 = Debug|Any CPU
		{F2580E82-734F-4F45-ACBB-59804D688D11}.Release|Any CPU.ActiveCfg = Release|Any CPU
		{F2580E82-734F-4F45-ACBB-59804D688D11}.Release|Any CPU.Build.0 = Release|Any CPU
		{7A2A3D89-B699-41CC-A121-6BB67E30F0B4}.Debug|Any CPU.ActiveCfg = Debug|Any CPU
		{7A2A3D89-B699-41CC-A121-6BB67E30F0B4}.Debug|Any CPU.Build.0 = Debug|Any CPU
		{7A2A3D89-B699-41CC-A121-6BB67E30F0B4}.Release|Any CPU.ActiveCfg = Release|Any CPU
		{7A2A3D89-B699-41CC-A121-6BB67E30F0B4}.Release|Any CPU.Build.0 = Release|Any CPU
		{3584DA47-63ED-4379-9ECC-3888C6B2A7D5}.Debug|Any CPU.ActiveCfg = Debug|Any CPU
		{3584DA47-63ED-4379-9ECC-3888C6B2A7D5}.Debug|Any CPU.Build.0 = Debug|Any CPU
		{3584DA47-63ED-4379-9ECC-3888C6B2A7D5}.Release|Any CPU.ActiveCfg = Release|Any CPU
		{3584DA47-63ED-4379-9ECC-3888C6B2A7D5}.Release|Any CPU.Build.0 = Release|Any CPU
	EndGlobalSection
	GlobalSection(SolutionProperties) = preSolution
		HideSolutionNode = FALSE
	EndGlobalSection
	GlobalSection(NestedProjects) = preSolution
		{F85D3075-97C2-4AC1-9B36-DB752C0EDBEE} = {73F38B6C-1A05-41C8-8029-D1F2F41D3279}
		{DDB030FA-D0DE-4823-91E1-D6D50F2ECC94} = {73F38B6C-1A05-41C8-8029-D1F2F41D3279}
		{E3F11701-01F4-47D2-8DAA-525956A0F203} = {73F38B6C-1A05-41C8-8029-D1F2F41D3279}
		{F2580E82-734F-4F45-ACBB-59804D688D11} = {73F38B6C-1A05-41C8-8029-D1F2F41D3279}
		{7A2A3D89-B699-41CC-A121-6BB67E30F0B4} = {2DFB45E4-F9D9-472C-93E4-224E3C210FCB}
		{3584DA47-63ED-4379-9ECC-3888C6B2A7D5} = {2DFB45E4-F9D9-472C-93E4-224E3C210FCB}
	EndGlobalSection
EndGlobal
