
Microsoft Visual Studio Solution File, Format Version 12.00
# Visual Studio 15
VisualStudioVersion = 15.0.27004.2002
MinimumVisualStudioVersion = 10.0.40219.1
Project("{2150E333-8FDC-42A3-9474-1A3956D46DE8}") = "src", "src", "{2B0DB105-98BC-47F2-950D-4915E18AAC6B}"
EndProject
Project("{9A19103F-16F7-4668-BE54-9A1E7A4F7556}") = "AspectCore.Extensions.JsonRpc", "src\AspectCore.Extensions.JsonRpc\AspectCore.Extensions.JsonRpc.csproj", "{6E34005D-9240-4C08-B7EF-B14E0182C86D}"
EndProject
Global
	GlobalSection(SolutionConfigurationPlatforms) = preSolution
		Debug|Any CPU = Debug|Any CPU
		Release|Any CPU = Release|Any CPU
	EndGlobalSection
	GlobalSection(ProjectConfigurationPlatforms) = postSolution
		{6E34005D-9240-4C08-B7EF-B14E0182C86D}.Debug|Any CPU.ActiveCfg = Debug|Any CPU
		{6E34005D-9240-4C08-B7EF-B14E0182C86D}.Debug|Any CPU.Build.0 = Debug|Any CPU
		{6E34005D-9240-4C08-B7EF-B14E0182C86D}.Release|Any CPU.ActiveCfg = Release|Any CPU
		{6E34005D-9240-4C08-B7EF-B14E0182C86D}.Release|Any CPU.Build.0 = Release|Any CPU
	EndGlobalSection
	GlobalSection(SolutionProperties) = preSolution
		HideSolutionNode = FALSE
	EndGlobalSection
	GlobalSection(NestedProjects) = preSolution
		{6E34005D-9240-4C08-B7EF-B14E0182C86D} = {2B0DB105-98BC-47F2-950D-4915E18AAC6B}
	EndGlobalSection
	GlobalSection(ExtensibilityGlobals) = postSolution
		SolutionGuid = {45AB8423-2A6D-4E97-8884-8E583C5EDF91}
	EndGlobalSection
EndGlobal
