
Microsoft Visual Studio Solution File, Format Version 12.00
# Visual Studio 15
VisualStudioVersion = 15.0.26730.3
MinimumVisualStudioVersion = 10.0.40219.1
Project("{9A19103F-16F7-4668-BE54-9A1E7A4F7556}") = "AspectCore.Extensions.RedisProfiler", "src\AspectCore.Extensions.RedisProfiler\AspectCore.Extensions.RedisProfiler.csproj", "{EA4F8C1A-86F0-40F0-B014-5B3682519EA8}"
EndProject
Project("{2150E333-8FDC-42A3-9474-1A3956D46DE8}") = "src", "src", "{F1156FF5-90AE-4626-9314-A3D02F063D68}"
EndProject
Project("{2150E333-8FDC-42A3-9474-1A3956D46DE8}") = "references", "references", "{F1F65F26-8F80-4FB7-8334-A932E7E7C4C6}"
EndProject
Project("{9A19103F-16F7-4668-BE54-9A1E7A4F7556}") = "AspectCore.Extensions.Reflection", "..\reflection\src\AspectCore.Extensions.Reflection\AspectCore.Extensions.Reflection.csproj", "{E64F5D3A-1344-4609-A990-D2AAB68D801A}"
EndProject
Project("{9A19103F-16F7-4668-BE54-9A1E7A4F7556}") = "AspectCore.Abstractions", "..\core\src\AspectCore.Abstractions\AspectCore.Abstractions.csproj", "{33175676-8D8E-4A76-A1C9-9444BD0A7B72}"
EndProject
Project("{9A19103F-16F7-4668-BE54-9A1E7A4F7556}") = "AspectCore.Core", "..\core\src\AspectCore.Core\AspectCore.Core.csproj", "{A052327D-BB13-439B-8514-401E557E1502}"
EndProject
Global
	GlobalSection(SolutionConfigurationPlatforms) = preSolution
		Debug|Any CPU = Debug|Any CPU
		Release|Any CPU = Release|Any CPU
	EndGlobalSection
	GlobalSection(ProjectConfigurationPlatforms) = postSolution
		{EA4F8C1A-86F0-40F0-B014-5B3682519EA8}.Debug|Any CPU.ActiveCfg = Debug|Any CPU
		{EA4F8C1A-86F0-40F0-B014-5B3682519EA8}.Debug|Any CPU.Build.0 = Debug|Any CPU
		{EA4F8C1A-86F0-40F0-B014-5B3682519EA8}.Release|Any CPU.ActiveCfg = Release|Any CPU
		{EA4F8C1A-86F0-40F0-B014-5B3682519EA8}.Release|Any CPU.Build.0 = Release|Any CPU
		{E64F5D3A-1344-4609-A990-D2AAB68D801A}.Debug|Any CPU.ActiveCfg = Debug|Any CPU
		{E64F5D3A-1344-4609-A990-D2AAB68D801A}.Debug|Any CPU.Build.0 = Debug|Any CPU
		{E64F5D3A-1344-4609-A990-D2AAB68D801A}.Release|Any CPU.ActiveCfg = Release|Any CPU
		{E64F5D3A-1344-4609-A990-D2AAB68D801A}.Release|Any CPU.Build.0 = Release|Any CPU
		{33175676-8D8E-4A76-A1C9-9444BD0A7B72}.Debug|Any CPU.ActiveCfg = Debug|Any CPU
		{33175676-8D8E-4A76-A1C9-9444BD0A7B72}.Debug|Any CPU.Build.0 = Debug|Any CPU
		{33175676-8D8E-4A76-A1C9-9444BD0A7B72}.Release|Any CPU.ActiveCfg = Release|Any CPU
		{33175676-8D8E-4A76-A1C9-9444BD0A7B72}.Release|Any CPU.Build.0 = Release|Any CPU
		{A052327D-BB13-439B-8514-401E557E1502}.Debug|Any CPU.ActiveCfg = Debug|Any CPU
		{A052327D-BB13-439B-8514-401E557E1502}.Debug|Any CPU.Build.0 = Debug|Any CPU
		{A052327D-BB13-439B-8514-401E557E1502}.Release|Any CPU.ActiveCfg = Release|Any CPU
		{A052327D-BB13-439B-8514-401E557E1502}.Release|Any CPU.Build.0 = Release|Any CPU
	EndGlobalSection
	GlobalSection(SolutionProperties) = preSolution
		HideSolutionNode = FALSE
	EndGlobalSection
	GlobalSection(NestedProjects) = preSolution
		{EA4F8C1A-86F0-40F0-B014-5B3682519EA8} = {F1156FF5-90AE-4626-9314-A3D02F063D68}
		{E64F5D3A-1344-4609-A990-D2AAB68D801A} = {F1F65F26-8F80-4FB7-8334-A932E7E7C4C6}
		{33175676-8D8E-4A76-A1C9-9444BD0A7B72} = {F1F65F26-8F80-4FB7-8334-A932E7E7C4C6}
		{A052327D-BB13-439B-8514-401E557E1502} = {F1F65F26-8F80-4FB7-8334-A932E7E7C4C6}
	EndGlobalSection
	GlobalSection(ExtensibilityGlobals) = postSolution
		SolutionGuid = {1C575BEF-90C1-405D-80D1-A2F9368AA675}
	EndGlobalSection
EndGlobal
