
Microsoft Visual Studio Solution File, Format Version 12.00
# Visual Studio 15
VisualStudioVersion = 15.0.26730.3
MinimumVisualStudioVersion = 10.0.40219.1
Project("{2150E333-8FDC-42A3-9474-1A3956D46DE8}") = "src", "src", "{73F38B6C-1A05-41C8-8029-D1F2F41D3279}"
EndProject
Project("{2150E333-8FDC-42A3-9474-1A3956D46DE8}") = "test", "test", "{2DFB45E4-F9D9-472C-93E4-224E3C210FCB}"
EndProject
Project("{9A19103F-16F7-4668-BE54-9A1E7A4F7556}") = "AspectCore.Abstractions", "src\AspectCore.Abstractions\AspectCore.Abstractions.csproj", "{F85D3075-97C2-4AC1-9B36-DB752C0EDBEE}"
EndProject
Project("{9A19103F-16F7-4668-BE54-9A1E7A4F7556}") = "AspectCore.Core", "src\AspectCore.Core\AspectCore.Core.csproj", "{54FFB88E-6E90-4E57-886D-A8430039DA23}"
EndProject
Project("{2150E333-8FDC-42A3-9474-1A3956D46DE8}") = "performance", "performance", "{8C18049D-D905-4567-8CEC-AE07A32EFB71}"
EndProject
Project("{9A19103F-16F7-4668-BE54-9A1E7A4F7556}") = "AspectCore.Benchmark", "performance\AspectCore.Benchmark\AspectCore.Benchmark.csproj", "{E295F15D-E44B-4B26-9A19-D278E781ACF0}"
EndProject
Project("{9A19103F-16F7-4668-BE54-9A1E7A4F7556}") = "AspectCore.Tests", "test\AspectCore.Tests\AspectCore.Tests.csproj", "{726CA767-41EF-4E8F-BF01-D40CEDCF0684}"
EndProject
Project("{9A19103F-16F7-4668-BE54-9A1E7A4F7556}") = "AspectCore.Extensions.Reflection", "..\Reflection\src\AspectCore.Extensions.Reflection\AspectCore.Extensions.Reflection.csproj", "{A71D5C7A-739E-46BE-AC53-6E33D66F8E0A}"
EndProject
Global
	GlobalSection(SolutionConfigurationPlatforms) = preSolution
		Debug|Any CPU = Debug|Any CPU
		Release|Any CPU = Release|Any CPU
	EndGlobalSection
	GlobalSection(ProjectConfigurationPlatforms) = postSolution
		{F85D3075-97C2-4AC1-9B36-DB752C0EDBEE}.Debug|Any CPU.ActiveCfg = Debug|Any CPU
		{F85D3075-97C2-4AC1-9B36-DB752C0EDBEE}.Debug|Any CPU.Build.0 = Debug|Any CPU
		{F85D3075-97C2-4AC1-9B36-DB752C0EDBEE}.Release|Any CPU.ActiveCfg = Release|Any CPU
		{F85D3075-97C2-4AC1-9B36-DB752C0EDBEE}.Release|Any CPU.Build.0 = Release|Any CPU
		{54FFB88E-6E90-4E57-886D-A8430039DA23}.Debug|Any CPU.ActiveCfg = Debug|Any CPU
		{54FFB88E-6E90-4E57-886D-A8430039DA23}.Debug|Any CPU.Build.0 = Debug|Any CPU
		{54FFB88E-6E90-4E57-886D-A8430039DA23}.Release|Any CPU.ActiveCfg = Release|Any CPU
		{54FFB88E-6E90-4E57-886D-A8430039DA23}.Release|Any CPU.Build.0 = Release|Any CPU
		{E295F15D-E44B-4B26-9A19-D278E781ACF0}.Debug|Any CPU.ActiveCfg = Debug|Any CPU
		{E295F15D-E44B-4B26-9A19-D278E781ACF0}.Debug|Any CPU.Build.0 = Debug|Any CPU
		{E295F15D-E44B-4B26-9A19-D278E781ACF0}.Release|Any CPU.ActiveCfg = Release|Any CPU
		{E295F15D-E44B-4B26-9A19-D278E781ACF0}.Release|Any CPU.Build.0 = Release|Any CPU
		{726CA767-41EF-4E8F-BF01-D40CEDCF0684}.Debug|Any CPU.ActiveCfg = Debug|Any CPU
		{726CA767-41EF-4E8F-BF01-D40CEDCF0684}.Debug|Any CPU.Build.0 = Debug|Any CPU
		{726CA767-41EF-4E8F-BF01-D40CEDCF0684}.Release|Any CPU.ActiveCfg = Release|Any CPU
		{726CA767-41EF-4E8F-BF01-D40CEDCF0684}.Release|Any CPU.Build.0 = Release|Any CPU
		{A71D5C7A-739E-46BE-AC53-6E33D66F8E0A}.Debug|Any CPU.ActiveCfg = Debug|Any CPU
		{A71D5C7A-739E-46BE-AC53-6E33D66F8E0A}.Debug|Any CPU.Build.0 = Debug|Any CPU
		{A71D5C7A-739E-46BE-AC53-6E33D66F8E0A}.Release|Any CPU.ActiveCfg = Release|Any CPU
		{A71D5C7A-739E-46BE-AC53-6E33D66F8E0A}.Release|Any CPU.Build.0 = Release|Any CPU
	EndGlobalSection
	GlobalSection(SolutionProperties) = preSolution
		HideSolutionNode = FALSE
	EndGlobalSection
	GlobalSection(NestedProjects) = preSolution
		{F85D3075-97C2-4AC1-9B36-DB752C0EDBEE} = {73F38B6C-1A05-41C8-8029-D1F2F41D3279}
		{54FFB88E-6E90-4E57-886D-A8430039DA23} = {73F38B6C-1A05-41C8-8029-D1F2F41D3279}
		{E295F15D-E44B-4B26-9A19-D278E781ACF0} = {8C18049D-D905-4567-8CEC-AE07A32EFB71}
		{726CA767-41EF-4E8F-BF01-D40CEDCF0684} = {2DFB45E4-F9D9-472C-93E4-224E3C210FCB}
		{A71D5C7A-739E-46BE-AC53-6E33D66F8E0A} = {73F38B6C-1A05-41C8-8029-D1F2F41D3279}
	EndGlobalSection
	GlobalSection(ExtensibilityGlobals) = postSolution
		SolutionGuid = {71EABBEC-431F-413C-B6CB-CFE9145BCAD4}
	EndGlobalSection
EndGlobal
