
Microsoft Visual Studio Solution File, Format Version 12.00
Project("{FAE04EC0-301F-11D3-BF4B-00C04F79EFBC}") = "AspectCore.Extensions.Configuration", "src\AspectCore.Extensions.Configuration\AspectCore.Extensions.Configuration.csproj", "{F031B41A-C7D1-475C-AF51-3C163A91DF8B}"
EndProject
Project("{2150E333-8FDC-42A3-9474-1A3956D46DE8}") = "references", "references", "{17B63D57-9385-4790-BC48-8682125AD342}"
EndProject
Project("{2150E333-8FDC-42A3-9474-1A3956D46DE8}") = "src", "src", "{BD682B96-A49E-496C-B093-85904FA3474A}"
EndProject
Project("{FAE04EC0-301F-11D3-BF4B-00C04F79EFBC}") = "AspectCore.Extensions.Reflection", "..\reflection\src\AspectCore.Extensions.Reflection\AspectCore.Extensions.Reflection.csproj", "{BDB5D3B0-4CC1-4BC4-951A-AACF2C5BB0E2}"
EndProject
Project("{FAE04EC0-301F-11D3-BF4B-00C04F79EFBC}") = "AspectCore.Abstractions", "..\core\src\AspectCore.Abstractions\AspectCore.Abstractions.csproj", "{D2E82FEC-7753-4BC2-BF7F-777C53D009F1}"
EndProject
Project("{FAE04EC0-301F-11D3-BF4B-00C04F79EFBC}") = "AspectCore.Core", "..\core\src\AspectCore.Core\AspectCore.Core.csproj", "{1E167DFD-C7D6-4EB0-9B87-F65AF97764C5}"
EndProject
Project("{2150E333-8FDC-42A3-9474-1A3956D46DE8}") = "test", "test", "{EE749FBD-FA9E-4391-8CCA-FA7E9DE183BD}"
EndProject
Project("{FAE04EC0-301F-11D3-BF4B-00C04F79EFBC}") = "AspectCore.Extensions.Configuration.Tests", "test\AspectCore.Extensions.Configuration.Tests\AspectCore.Extensions.Configuration.Tests.csproj", "{7E643D68-6361-4611-BF65-23FF230591A5}"
EndProject
Global
	GlobalSection(SolutionConfigurationPlatforms) = preSolution
		Debug|Any CPU = Debug|Any CPU
		Release|Any CPU = Release|Any CPU
	EndGlobalSection
	GlobalSection(ProjectConfigurationPlatforms) = postSolution
		{F031B41A-C7D1-475C-AF51-3C163A91DF8B}.Debug|Any CPU.ActiveCfg = Debug|Any CPU
		{F031B41A-C7D1-475C-AF51-3C163A91DF8B}.Debug|Any CPU.Build.0 = Debug|Any CPU
		{F031B41A-C7D1-475C-AF51-3C163A91DF8B}.Release|Any CPU.ActiveCfg = Release|Any CPU
		{F031B41A-C7D1-475C-AF51-3C163A91DF8B}.Release|Any CPU.Build.0 = Release|Any CPU
		{BDB5D3B0-4CC1-4BC4-951A-AACF2C5BB0E2}.Debug|Any CPU.ActiveCfg = Debug|Any CPU
		{BDB5D3B0-4CC1-4BC4-951A-AACF2C5BB0E2}.Debug|Any CPU.Build.0 = Debug|Any CPU
		{BDB5D3B0-4CC1-4BC4-951A-AACF2C5BB0E2}.Release|Any CPU.ActiveCfg = Release|Any CPU
		{BDB5D3B0-4CC1-4BC4-951A-AACF2C5BB0E2}.Release|Any CPU.Build.0 = Release|Any CPU
		{D2E82FEC-7753-4BC2-BF7F-777C53D009F1}.Debug|Any CPU.ActiveCfg = Debug|Any CPU
		{D2E82FEC-7753-4BC2-BF7F-777C53D009F1}.Debug|Any CPU.Build.0 = Debug|Any CPU
		{D2E82FEC-7753-4BC2-BF7F-777C53D009F1}.Release|Any CPU.ActiveCfg = Release|Any CPU
		{D2E82FEC-7753-4BC2-BF7F-777C53D009F1}.Release|Any CPU.Build.0 = Release|Any CPU
		{1E167DFD-C7D6-4EB0-9B87-F65AF97764C5}.Debug|Any CPU.ActiveCfg = Debug|Any CPU
		{1E167DFD-C7D6-4EB0-9B87-F65AF97764C5}.Debug|Any CPU.Build.0 = Debug|Any CPU
		{1E167DFD-C7D6-4EB0-9B87-F65AF97764C5}.Release|Any CPU.ActiveCfg = Release|Any CPU
		{1E167DFD-C7D6-4EB0-9B87-F65AF97764C5}.Release|Any CPU.Build.0 = Release|Any CPU
		{7E643D68-6361-4611-BF65-23FF230591A5}.Debug|Any CPU.ActiveCfg = Debug|Any CPU
		{7E643D68-6361-4611-BF65-23FF230591A5}.Debug|Any CPU.Build.0 = Debug|Any CPU
		{7E643D68-6361-4611-BF65-23FF230591A5}.Release|Any CPU.ActiveCfg = Release|Any CPU
		{7E643D68-6361-4611-BF65-23FF230591A5}.Release|Any CPU.Build.0 = Release|Any CPU
	EndGlobalSection
	GlobalSection(NestedProjects) = preSolution
		{F031B41A-C7D1-475C-AF51-3C163A91DF8B} = {BD682B96-A49E-496C-B093-85904FA3474A}
		{BDB5D3B0-4CC1-4BC4-951A-AACF2C5BB0E2} = {17B63D57-9385-4790-BC48-8682125AD342}
		{D2E82FEC-7753-4BC2-BF7F-777C53D009F1} = {17B63D57-9385-4790-BC48-8682125AD342}
		{1E167DFD-C7D6-4EB0-9B87-F65AF97764C5} = {17B63D57-9385-4790-BC48-8682125AD342}
		{7E643D68-6361-4611-BF65-23FF230591A5} = {EE749FBD-FA9E-4391-8CCA-FA7E9DE183BD}
	EndGlobalSection
EndGlobal
