
Microsoft Visual Studio Solution File, Format Version 12.00
# Visual Studio 15
VisualStudioVersion = 15.0.26430.16
MinimumVisualStudioVersion = 10.0.40219.1
Project("{2150E333-8FDC-42A3-9474-1A3956D46DE8}") = "src", "src", "{B5C1D304-2B55-4B2A-A189-D56659506709}"
EndProject
Project("{2150E333-8FDC-42A3-9474-1A3956D46DE8}") = "test", "test", "{1F028589-CBA2-49B8-A375-8B7924AFA3AF}"
EndProject
Project("{2150E333-8FDC-42A3-9474-1A3956D46DE8}") = "performance", "performance", "{E16235E7-8F86-4BA9-8418-164D96C6B32F}"
EndProject
Project("{9A19103F-16F7-4668-BE54-9A1E7A4F7556}") = "AspectCore.Extensions.Reflection", "src\AspectCore.Extensions.Reflection\AspectCore.Extensions.Reflection.csproj", "{CAB96F50-44E1-4D8E-9149-DDCBA1FBE493}"
EndProject
Project("{9A19103F-16F7-4668-BE54-9A1E7A4F7556}") = "AspectCore.Extensions.Reflection.Test", "test\AspectCore.Extensions.Reflection.Test\AspectCore.Extensions.Reflection.Test.csproj", "{E0F82471-75E5-4D48-BC00-D6B829A45846}"
EndProject
Project("{FAE04EC0-301F-11D3-BF4B-00C04F79EFBC}") = "AspectCore.Extensions.Reflection.Benchmark", "performance\AspectCore.Extensions.Reflection.Benchmark\AspectCore.Extensions.Reflection.Benchmark.csproj", "{FD311829-7801-430C-A6BC-60D67708DD62}"
EndProject
Global
	GlobalSection(SolutionConfigurationPlatforms) = preSolution
		Debug|Any CPU = Debug|Any CPU
		Release|Any CPU = Release|Any CPU
	EndGlobalSection
	GlobalSection(ProjectConfigurationPlatforms) = postSolution
		{CAB96F50-44E1-4D8E-9149-DDCBA1FBE493}.Debug|Any CPU.ActiveCfg = Debug|Any CPU
		{CAB96F50-44E1-4D8E-9149-DDCBA1FBE493}.Debug|Any CPU.Build.0 = Debug|Any CPU
		{CAB96F50-44E1-4D8E-9149-DDCBA1FBE493}.Release|Any CPU.ActiveCfg = Release|Any CPU
		{CAB96F50-44E1-4D8E-9149-DDCBA1FBE493}.Release|Any CPU.Build.0 = Release|Any CPU
		{E0F82471-75E5-4D48-BC00-D6B829A45846}.Debug|Any CPU.ActiveCfg = Debug|Any CPU
		{E0F82471-75E5-4D48-BC00-D6B829A45846}.Debug|Any CPU.Build.0 = Debug|Any CPU
		{E0F82471-75E5-4D48-BC00-D6B829A45846}.Release|Any CPU.ActiveCfg = Release|Any CPU
		{E0F82471-75E5-4D48-BC00-D6B829A45846}.Release|Any CPU.Build.0 = Release|Any CPU
		{FD311829-7801-430C-A6BC-60D67708DD62}.Debug|Any CPU.ActiveCfg = Debug|Any CPU
		{FD311829-7801-430C-A6BC-60D67708DD62}.Debug|Any CPU.Build.0 = Debug|Any CPU
		{FD311829-7801-430C-A6BC-60D67708DD62}.Release|Any CPU.ActiveCfg = Release|Any CPU
		{FD311829-7801-430C-A6BC-60D67708DD62}.Release|Any CPU.Build.0 = Release|Any CPU
	EndGlobalSection
	GlobalSection(SolutionProperties) = preSolution
		HideSolutionNode = FALSE
	EndGlobalSection
	GlobalSection(NestedProjects) = preSolution
		{CAB96F50-44E1-4D8E-9149-DDCBA1FBE493} = {B5C1D304-2B55-4B2A-A189-D56659506709}
		{E0F82471-75E5-4D48-BC00-D6B829A45846} = {1F028589-CBA2-49B8-A375-8B7924AFA3AF}
		{FD311829-7801-430C-A6BC-60D67708DD62} = {E16235E7-8F86-4BA9-8418-164D96C6B32F}
	EndGlobalSection
EndGlobal
