
Microsoft Visual Studio Solution File, Format Version 12.00
# Visual Studio 15
VisualStudioVersion = 15.0.26730.3
MinimumVisualStudioVersion = 10.0.40219.1
Project("{9A19103F-16F7-4668-BE54-9A1E7A4F7556}") = "AspectCore.Extensions.ScopedContext", "src\AspectCore.Extensions.ScopedContext\AspectCore.Extensions.ScopedContext.csproj", "{CD0C64C0-601B-404F-8079-B3931B7089D4}"
EndProject
Project("{2150E333-8FDC-42A3-9474-1A3956D46DE8}") = "src", "src", "{1E137080-C693-42AF-9830-CD367566DC02}"
EndProject
Project("{2150E333-8FDC-42A3-9474-1A3956D46DE8}") = "test", "test", "{9343BCC2-16F1-4256-AF24-0D2952AD0DF1}"
EndProject
Project("{2150E333-8FDC-42A3-9474-1A3956D46DE8}") = "reference", "reference", "{FDF93417-800B-438B-B661-C9A3C40160A2}"
EndProject
Project("{9A19103F-16F7-4668-BE54-9A1E7A4F7556}") = "AspectCore.Extensions.Reflection", "..\reflection\src\AspectCore.Extensions.Reflection\AspectCore.Extensions.Reflection.csproj", "{4C6AB15B-1CE8-45C8-8C02-C1D1EF889B0C}"
EndProject
Project("{9A19103F-16F7-4668-BE54-9A1E7A4F7556}") = "AspectCore.Core", "..\core\src\AspectCore.Core\AspectCore.Core.csproj", "{1C292293-5411-496E-835D-F3591DB23C31}"
EndProject
Project("{9A19103F-16F7-4668-BE54-9A1E7A4F7556}") = "AspectCore.Abstractions", "..\core\src\AspectCore.Abstractions\AspectCore.Abstractions.csproj", "{E3697549-3647-479B-B4DA-30F030619451}"
EndProject
Global
	GlobalSection(SolutionConfigurationPlatforms) = preSolution
		Debug|Any CPU = Debug|Any CPU
		Release|Any CPU = Release|Any CPU
	EndGlobalSection
	GlobalSection(ProjectConfigurationPlatforms) = postSolution
		{CD0C64C0-601B-404F-8079-B3931B7089D4}.Debug|Any CPU.ActiveCfg = Debug|Any CPU
		{CD0C64C0-601B-404F-8079-B3931B7089D4}.Debug|Any CPU.Build.0 = Debug|Any CPU
		{CD0C64C0-601B-404F-8079-B3931B7089D4}.Release|Any CPU.ActiveCfg = Release|Any CPU
		{CD0C64C0-601B-404F-8079-B3931B7089D4}.Release|Any CPU.Build.0 = Release|Any CPU
		{4C6AB15B-1CE8-45C8-8C02-C1D1EF889B0C}.Debug|Any CPU.ActiveCfg = Debug|Any CPU
		{4C6AB15B-1CE8-45C8-8C02-C1D1EF889B0C}.Debug|Any CPU.Build.0 = Debug|Any CPU
		{4C6AB15B-1CE8-45C8-8C02-C1D1EF889B0C}.Release|Any CPU.ActiveCfg = Release|Any CPU
		{4C6AB15B-1CE8-45C8-8C02-C1D1EF889B0C}.Release|Any CPU.Build.0 = Release|Any CPU
		{1C292293-5411-496E-835D-F3591DB23C31}.Debug|Any CPU.ActiveCfg = Debug|Any CPU
		{1C292293-5411-496E-835D-F3591DB23C31}.Debug|Any CPU.Build.0 = Debug|Any CPU
		{1C292293-5411-496E-835D-F3591DB23C31}.Release|Any CPU.ActiveCfg = Release|Any CPU
		{1C292293-5411-496E-835D-F3591DB23C31}.Release|Any CPU.Build.0 = Release|Any CPU
		{E3697549-3647-479B-B4DA-30F030619451}.Debug|Any CPU.ActiveCfg = Debug|Any CPU
		{E3697549-3647-479B-B4DA-30F030619451}.Debug|Any CPU.Build.0 = Debug|Any CPU
		{E3697549-3647-479B-B4DA-30F030619451}.Release|Any CPU.ActiveCfg = Release|Any CPU
		{E3697549-3647-479B-B4DA-30F030619451}.Release|Any CPU.Build.0 = Release|Any CPU
	EndGlobalSection
	GlobalSection(SolutionProperties) = preSolution
		HideSolutionNode = FALSE
	EndGlobalSection
	GlobalSection(NestedProjects) = preSolution
		{CD0C64C0-601B-404F-8079-B3931B7089D4} = {1E137080-C693-42AF-9830-CD367566DC02}
		{4C6AB15B-1CE8-45C8-8C02-C1D1EF889B0C} = {FDF93417-800B-438B-B661-C9A3C40160A2}
		{1C292293-5411-496E-835D-F3591DB23C31} = {FDF93417-800B-438B-B661-C9A3C40160A2}
		{E3697549-3647-479B-B4DA-30F030619451} = {FDF93417-800B-438B-B661-C9A3C40160A2}
	EndGlobalSection
	GlobalSection(ExtensibilityGlobals) = postSolution
		SolutionGuid = {DE5CEB57-0F38-40D6-9E90-373A7264AAD9}
	EndGlobalSection
EndGlobal
