
Microsoft Visual Studio Solution File, Format Version 12.00
# Visual Studio 15
VisualStudioVersion = 15.0.27130.0
MinimumVisualStudioVersion = 10.0.40219.1
Project("{2150E333-8FDC-42A3-9474-1A3956D46DE8}") = "src", "src", "{EF35FB72-D934-45A8-9856-E60EA2623135}"
EndProject
Project("{2150E333-8FDC-42A3-9474-1A3956D46DE8}") = "test", "test", "{BA3DCC4B-D8B9-4761-AAD9-4B1363140049}"
EndProject
Project("{9A19103F-16F7-4668-BE54-9A1E7A4F7556}") = "AspectCore.Extensions.DependencyInjection", "src\AspectCore.Extensions.DependencyInjection\AspectCore.Extensions.DependencyInjection.csproj", "{00642272-6BE8-430C-93D5-DB63FEC23184}"
EndProject
Project("{9A19103F-16F7-4668-BE54-9A1E7A4F7556}") = "AspectCore.Extensions.DependencyInjection.Test", "test\AspectCore.Extensions.DependencyInjection.Test\AspectCore.Extensions.DependencyInjection.Test.csproj", "{A8B2B7AD-F5CD-4FB7-B0CF-A35A6C33AEA7}"
EndProject
Project("{9A19103F-16F7-4668-BE54-9A1E7A4F7556}") = "AspectCore.Extensions.Autofac", "src\AspectCore.Extensions.Autofac\AspectCore.Extensions.Autofac.csproj", "{4B1599BB-8570-48B0-972C-FC218CB64FFC}"
EndProject
Project("{9A19103F-16F7-4668-BE54-9A1E7A4F7556}") = "AspectCore.Extensions.Autofac.Test", "test\AspectCore.Extensions.Autofac.Test\AspectCore.Extensions.Autofac.Test.csproj", "{DB20390E-8A91-4221-BC96-1EBF4D7172A7}"
EndProject
Project("{2150E333-8FDC-42A3-9474-1A3956D46DE8}") = "references", "references", "{FA9E353F-695D-49FC-A0CA-654829134AB5}"
EndProject
Project("{9A19103F-16F7-4668-BE54-9A1E7A4F7556}") = "AspectCore.Core", "..\core\src\AspectCore.Core\AspectCore.Core.csproj", "{B7ECA271-0B98-45BE-A9DF-C6F4C066DF14}"
EndProject
Project("{9A19103F-16F7-4668-BE54-9A1E7A4F7556}") = "AspectCore.Abstractions", "..\core\src\AspectCore.Abstractions\AspectCore.Abstractions.csproj", "{ECF5F6E2-660C-4FC4-BB04-73761DB75658}"
EndProject
Project("{9A19103F-16F7-4668-BE54-9A1E7A4F7556}") = "AspectCore.Extensions.Reflection", "..\reflection\src\AspectCore.Extensions.Reflection\AspectCore.Extensions.Reflection.csproj", "{AD8942CF-ED17-4DAF-BC3B-20EF8DD8C74F}"
EndProject
Project("{2150E333-8FDC-42A3-9474-1A3956D46DE8}") = "sample", "sample", "{E933A059-A6AC-46AC-928D-33656D7FE93A}"
EndProject
Project("{9A19103F-16F7-4668-BE54-9A1E7A4F7556}") = "AspectCore.Extensions.DependencyInjection.Sample", "sample\AspectCore.Extensions.DependencyInjection.Sample\AspectCore.Extensions.DependencyInjection.Sample.csproj", "{D72797D5-4BAF-45BD-A301-8C429957B846}"
EndProject
Project("{9A19103F-16F7-4668-BE54-9A1E7A4F7556}") = "AspectCore.Extensions.Autofac.Sample", "sample\AspectCore.Extensions.Autofac.Sample\AspectCore.Extensions.Autofac.Sample.csproj", "{B1D4ADB5-1E40-4CCA-BF10-F17832B115DF}"
EndProject
Project("{9A19103F-16F7-4668-BE54-9A1E7A4F7556}") = "AspectCore.Extensions.Windsor", "src\AspectCore.Extensions.Windsor\AspectCore.Extensions.Windsor.csproj", "{CA6F52CA-3B0E-416D-9A96-9962385542CB}"
EndProject
Project("{9A19103F-16F7-4668-BE54-9A1E7A4F7556}") = "AspectCore.Extensions.Autofac.WebSample", "sample\AspectCore.Extensions.Autofac.WebSample\AspectCore.Extensions.Autofac.WebSample.csproj", "{8453B7FA-B465-4367-A6EB-EF21F4F22914}"
EndProject
Project("{9A19103F-16F7-4668-BE54-9A1E7A4F7556}") = "AspectCore.Extensions.Windsor.Test", "test\AspectCore.Extensions.Windsor.Test\AspectCore.Extensions.Windsor.Test.csproj", "{990CD172-3266-42D3-AE8D-579C2175B854}"
EndProject
Project("{9A19103F-16F7-4668-BE54-9A1E7A4F7556}") = "AspectCore.Extensions.AspectScope", "..\aspectscope\src\AspectCore.Extensions.AspectScope\AspectCore.Extensions.AspectScope.csproj", "{BE96583B-176A-438A-B6A5-F976CC374078}"
EndProject
Project("{9A19103F-16F7-4668-BE54-9A1E7A4F7556}") = "AspectCore.Extensions.DataValidation", "..\datavalidation\src\AspectCore.Extensions.DataValidation\AspectCore.Extensions.DataValidation.csproj", "{D3199A7B-E0E2-491A-A105-7ACF1E15A896}"
EndProject
Project("{9A19103F-16F7-4668-BE54-9A1E7A4F7556}") = "AspectCore.Extensions.DataAnnotations", "..\datavalidation\src\AspectCore.Extensions.DataAnnotations\AspectCore.Extensions.DataAnnotations.csproj", "{C58CDC63-4DFA-42DB-BCB1-CAC220EAED04}"
EndProject
Project("{9A19103F-16F7-4668-BE54-9A1E7A4F7556}") = "AspectCore.Extensions.DependencyInjection.ConsoleSample", "sample\AspectCore.Extensions.DependencyInjection.ConsoleSample\AspectCore.Extensions.DependencyInjection.ConsoleSample.csproj", "{EBCFF74A-4787-4A3E-A83D-0DC0329CFD2E}"
EndProject
Project("{9A19103F-16F7-4668-BE54-9A1E7A4F7556}") = "AspectCore.Extensions.Hosting", "src\AspectCore.Extensions.Hosting\AspectCore.Extensions.Hosting.csproj", "{96DC1BED-E5E0-4E68-AF04-05115BE39B7A}"
EndProject
Project("{9A19103F-16F7-4668-BE54-9A1E7A4F7556}") = "AspectCore.Extensions.Hosting.Tests", "test\AspectCore.Extensions.Hosting.Tests\AspectCore.Extensions.Hosting.Tests.csproj", "{9547A839-70F0-4FAA-B574-9A61082FE567}"
EndProject
Project("{9A19103F-16F7-4668-BE54-9A1E7A4F7556}") = "AspectCore.Extensions.LightInject", "src\AspectCore.Extensions.LightInject\AspectCore.Extensions.LightInject.csproj", "{E3973799-7370-4D17-882F-D48CFB8C10F3}"
EndProject
Project("{9A19103F-16F7-4668-BE54-9A1E7A4F7556}") = "AspectCore.Extensions.LightInject.Test", "test\AspectCore.Extensions.LightInject.Test\AspectCore.Extensions.LightInject.Test.csproj", "{8E8A9BBB-0168-4A90-9477-FF2C325ECDCB}"
EndProject
Global
	GlobalSection(SolutionConfigurationPlatforms) = preSolution
		Debug|Any CPU = Debug|Any CPU
		Release|Any CPU = Release|Any CPU
	EndGlobalSection
	GlobalSection(ProjectConfigurationPlatforms) = postSolution
		{00642272-6BE8-430C-93D5-DB63FEC23184}.Debug|Any CPU.ActiveCfg = Debug|Any CPU
		{00642272-6BE8-430C-93D5-DB63FEC23184}.Debug|Any CPU.Build.0 = Debug|Any CPU
		{00642272-6BE8-430C-93D5-DB63FEC23184}.Release|Any CPU.ActiveCfg = Release|Any CPU
		{00642272-6BE8-430C-93D5-DB63FEC23184}.Release|Any CPU.Build.0 = Release|Any CPU
		{A8B2B7AD-F5CD-4FB7-B0CF-A35A6C33AEA7}.Debug|Any CPU.ActiveCfg = Debug|Any CPU
		{A8B2B7AD-F5CD-4FB7-B0CF-A35A6C33AEA7}.Debug|Any CPU.Build.0 = Debug|Any CPU
		{A8B2B7AD-F5CD-4FB7-B0CF-A35A6C33AEA7}.Release|Any CPU.ActiveCfg = Release|Any CPU
		{A8B2B7AD-F5CD-4FB7-B0CF-A35A6C33AEA7}.Release|Any CPU.Build.0 = Release|Any CPU
		{4B1599BB-8570-48B0-972C-FC218CB64FFC}.Debug|Any CPU.ActiveCfg = Debug|Any CPU
		{4B1599BB-8570-48B0-972C-FC218CB64FFC}.Debug|Any CPU.Build.0 = Debug|Any CPU
		{4B1599BB-8570-48B0-972C-FC218CB64FFC}.Release|Any CPU.ActiveCfg = Release|Any CPU
		{4B1599BB-8570-48B0-972C-FC218CB64FFC}.Release|Any CPU.Build.0 = Release|Any CPU
		{DB20390E-8A91-4221-BC96-1EBF4D7172A7}.Debug|Any CPU.ActiveCfg = Debug|Any CPU
		{DB20390E-8A91-4221-BC96-1EBF4D7172A7}.Debug|Any CPU.Build.0 = Debug|Any CPU
		{DB20390E-8A91-4221-BC96-1EBF4D7172A7}.Release|Any CPU.ActiveCfg = Release|Any CPU
		{DB20390E-8A91-4221-BC96-1EBF4D7172A7}.Release|Any CPU.Build.0 = Release|Any CPU
		{B7ECA271-0B98-45BE-A9DF-C6F4C066DF14}.Debug|Any CPU.ActiveCfg = Debug|Any CPU
		{B7ECA271-0B98-45BE-A9DF-C6F4C066DF14}.Debug|Any CPU.Build.0 = Debug|Any CPU
		{B7ECA271-0B98-45BE-A9DF-C6F4C066DF14}.Release|Any CPU.ActiveCfg = Release|Any CPU
		{B7ECA271-0B98-45BE-A9DF-C6F4C066DF14}.Release|Any CPU.Build.0 = Release|Any CPU
		{ECF5F6E2-660C-4FC4-BB04-73761DB75658}.Debug|Any CPU.ActiveCfg = Debug|Any CPU
		{ECF5F6E2-660C-4FC4-BB04-73761DB75658}.Debug|Any CPU.Build.0 = Debug|Any CPU
		{ECF5F6E2-660C-4FC4-BB04-73761DB75658}.Release|Any CPU.ActiveCfg = Release|Any CPU
		{ECF5F6E2-660C-4FC4-BB04-73761DB75658}.Release|Any CPU.Build.0 = Release|Any CPU
		{AD8942CF-ED17-4DAF-BC3B-20EF8DD8C74F}.Debug|Any CPU.ActiveCfg = Debug|Any CPU
		{AD8942CF-ED17-4DAF-BC3B-20EF8DD8C74F}.Debug|Any CPU.Build.0 = Debug|Any CPU
		{AD8942CF-ED17-4DAF-BC3B-20EF8DD8C74F}.Release|Any CPU.ActiveCfg = Release|Any CPU
		{AD8942CF-ED17-4DAF-BC3B-20EF8DD8C74F}.Release|Any CPU.Build.0 = Release|Any CPU
		{D72797D5-4BAF-45BD-A301-8C429957B846}.Debug|Any CPU.ActiveCfg = Debug|Any CPU
		{D72797D5-4BAF-45BD-A301-8C429957B846}.Debug|Any CPU.Build.0 = Debug|Any CPU
		{D72797D5-4BAF-45BD-A301-8C429957B846}.Release|Any CPU.ActiveCfg = Release|Any CPU
		{D72797D5-4BAF-45BD-A301-8C429957B846}.Release|Any CPU.Build.0 = Release|Any CPU
		{B1D4ADB5-1E40-4CCA-BF10-F17832B115DF}.Debug|Any CPU.ActiveCfg = Debug|Any CPU
		{B1D4ADB5-1E40-4CCA-BF10-F17832B115DF}.Debug|Any CPU.Build.0 = Debug|Any CPU
		{B1D4ADB5-1E40-4CCA-BF10-F17832B115DF}.Release|Any CPU.ActiveCfg = Release|Any CPU
		{B1D4ADB5-1E40-4CCA-BF10-F17832B115DF}.Release|Any CPU.Build.0 = Release|Any CPU
		{CA6F52CA-3B0E-416D-9A96-9962385542CB}.Debug|Any CPU.ActiveCfg = Debug|Any CPU
		{CA6F52CA-3B0E-416D-9A96-9962385542CB}.Debug|Any CPU.Build.0 = Debug|Any CPU
		{CA6F52CA-3B0E-416D-9A96-9962385542CB}.Release|Any CPU.ActiveCfg = Release|Any CPU
		{CA6F52CA-3B0E-416D-9A96-9962385542CB}.Release|Any CPU.Build.0 = Release|Any CPU
		{8453B7FA-B465-4367-A6EB-EF21F4F22914}.Debug|Any CPU.ActiveCfg = Debug|Any CPU
		{8453B7FA-B465-4367-A6EB-EF21F4F22914}.Debug|Any CPU.Build.0 = Debug|Any CPU
		{8453B7FA-B465-4367-A6EB-EF21F4F22914}.Release|Any CPU.ActiveCfg = Release|Any CPU
		{8453B7FA-B465-4367-A6EB-EF21F4F22914}.Release|Any CPU.Build.0 = Release|Any CPU
		{990CD172-3266-42D3-AE8D-579C2175B854}.Debug|Any CPU.ActiveCfg = Debug|Any CPU
		{990CD172-3266-42D3-AE8D-579C2175B854}.Debug|Any CPU.Build.0 = Debug|Any CPU
		{990CD172-3266-42D3-AE8D-579C2175B854}.Release|Any CPU.ActiveCfg = Release|Any CPU
		{990CD172-3266-42D3-AE8D-579C2175B854}.Release|Any CPU.Build.0 = Release|Any CPU
		{BE96583B-176A-438A-B6A5-F976CC374078}.Debug|Any CPU.ActiveCfg = Debug|Any CPU
		{BE96583B-176A-438A-B6A5-F976CC374078}.Debug|Any CPU.Build.0 = Debug|Any CPU
		{BE96583B-176A-438A-B6A5-F976CC374078}.Release|Any CPU.ActiveCfg = Release|Any CPU
		{BE96583B-176A-438A-B6A5-F976CC374078}.Release|Any CPU.Build.0 = Release|Any CPU
		{D3199A7B-E0E2-491A-A105-7ACF1E15A896}.Debug|Any CPU.ActiveCfg = Debug|Any CPU
		{D3199A7B-E0E2-491A-A105-7ACF1E15A896}.Debug|Any CPU.Build.0 = Debug|Any CPU
		{D3199A7B-E0E2-491A-A105-7ACF1E15A896}.Release|Any CPU.ActiveCfg = Release|Any CPU
		{D3199A7B-E0E2-491A-A105-7ACF1E15A896}.Release|Any CPU.Build.0 = Release|Any CPU
		{C58CDC63-4DFA-42DB-BCB1-CAC220EAED04}.Debug|Any CPU.ActiveCfg = Debug|Any CPU
		{C58CDC63-4DFA-42DB-BCB1-CAC220EAED04}.Debug|Any CPU.Build.0 = Debug|Any CPU
		{C58CDC63-4DFA-42DB-BCB1-CAC220EAED04}.Release|Any CPU.ActiveCfg = Release|Any CPU
		{C58CDC63-4DFA-42DB-BCB1-CAC220EAED04}.Release|Any CPU.Build.0 = Release|Any CPU
		{EBCFF74A-4787-4A3E-A83D-0DC0329CFD2E}.Debug|Any CPU.ActiveCfg = Debug|Any CPU
		{EBCFF74A-4787-4A3E-A83D-0DC0329CFD2E}.Debug|Any CPU.Build.0 = Debug|Any CPU
		{EBCFF74A-4787-4A3E-A83D-0DC0329CFD2E}.Release|Any CPU.ActiveCfg = Release|Any CPU
		{EBCFF74A-4787-4A3E-A83D-0DC0329CFD2E}.Release|Any CPU.Build.0 = Release|Any CPU
		{96DC1BED-E5E0-4E68-AF04-05115BE39B7A}.Debug|Any CPU.ActiveCfg = Debug|Any CPU
		{96DC1BED-E5E0-4E68-AF04-05115BE39B7A}.Debug|Any CPU.Build.0 = Debug|Any CPU
		{96DC1BED-E5E0-4E68-AF04-05115BE39B7A}.Release|Any CPU.ActiveCfg = Release|Any CPU
		{96DC1BED-E5E0-4E68-AF04-05115BE39B7A}.Release|Any CPU.Build.0 = Release|Any CPU
		{9547A839-70F0-4FAA-B574-9A61082FE567}.Debug|Any CPU.ActiveCfg = Debug|Any CPU
		{9547A839-70F0-4FAA-B574-9A61082FE567}.Debug|Any CPU.Build.0 = Debug|Any CPU
		{9547A839-70F0-4FAA-B574-9A61082FE567}.Release|Any CPU.ActiveCfg = Release|Any CPU
		{9547A839-70F0-4FAA-B574-9A61082FE567}.Release|Any CPU.Build.0 = Release|Any CPU
		{E3973799-7370-4D17-882F-D48CFB8C10F3}.Debug|Any CPU.ActiveCfg = Debug|Any CPU
		{E3973799-7370-4D17-882F-D48CFB8C10F3}.Debug|Any CPU.Build.0 = Debug|Any CPU
		{E3973799-7370-4D17-882F-D48CFB8C10F3}.Release|Any CPU.ActiveCfg = Release|Any CPU
		{E3973799-7370-4D17-882F-D48CFB8C10F3}.Release|Any CPU.Build.0 = Release|Any CPU
		{8E8A9BBB-0168-4A90-9477-FF2C325ECDCB}.Debug|Any CPU.ActiveCfg = Debug|Any CPU
		{8E8A9BBB-0168-4A90-9477-FF2C325ECDCB}.Debug|Any CPU.Build.0 = Debug|Any CPU
		{8E8A9BBB-0168-4A90-9477-FF2C325ECDCB}.Release|Any CPU.ActiveCfg = Release|Any CPU
		{8E8A9BBB-0168-4A90-9477-FF2C325ECDCB}.Release|Any CPU.Build.0 = Release|Any CPU
	EndGlobalSection
	GlobalSection(SolutionProperties) = preSolution
		HideSolutionNode = FALSE
	EndGlobalSection
	GlobalSection(NestedProjects) = preSolution
		{00642272-6BE8-430C-93D5-DB63FEC23184} = {EF35FB72-D934-45A8-9856-E60EA2623135}
		{A8B2B7AD-F5CD-4FB7-B0CF-A35A6C33AEA7} = {BA3DCC4B-D8B9-4761-AAD9-4B1363140049}
		{4B1599BB-8570-48B0-972C-FC218CB64FFC} = {EF35FB72-D934-45A8-9856-E60EA2623135}
		{DB20390E-8A91-4221-BC96-1EBF4D7172A7} = {BA3DCC4B-D8B9-4761-AAD9-4B1363140049}
		{B7ECA271-0B98-45BE-A9DF-C6F4C066DF14} = {FA9E353F-695D-49FC-A0CA-654829134AB5}
		{ECF5F6E2-660C-4FC4-BB04-73761DB75658} = {FA9E353F-695D-49FC-A0CA-654829134AB5}
		{AD8942CF-ED17-4DAF-BC3B-20EF8DD8C74F} = {FA9E353F-695D-49FC-A0CA-654829134AB5}
		{D72797D5-4BAF-45BD-A301-8C429957B846} = {E933A059-A6AC-46AC-928D-33656D7FE93A}
		{B1D4ADB5-1E40-4CCA-BF10-F17832B115DF} = {E933A059-A6AC-46AC-928D-33656D7FE93A}
		{CA6F52CA-3B0E-416D-9A96-9962385542CB} = {EF35FB72-D934-45A8-9856-E60EA2623135}
		{8453B7FA-B465-4367-A6EB-EF21F4F22914} = {E933A059-A6AC-46AC-928D-33656D7FE93A}
		{990CD172-3266-42D3-AE8D-579C2175B854} = {BA3DCC4B-D8B9-4761-AAD9-4B1363140049}
		{BE96583B-176A-438A-B6A5-F976CC374078} = {FA9E353F-695D-49FC-A0CA-654829134AB5}
		{D3199A7B-E0E2-491A-A105-7ACF1E15A896} = {FA9E353F-695D-49FC-A0CA-654829134AB5}
		{C58CDC63-4DFA-42DB-BCB1-CAC220EAED04} = {FA9E353F-695D-49FC-A0CA-654829134AB5}
		{EBCFF74A-4787-4A3E-A83D-0DC0329CFD2E} = {E933A059-A6AC-46AC-928D-33656D7FE93A}
		{96DC1BED-E5E0-4E68-AF04-05115BE39B7A} = {EF35FB72-D934-45A8-9856-E60EA2623135}
		{9547A839-70F0-4FAA-B574-9A61082FE567} = {BA3DCC4B-D8B9-4761-AAD9-4B1363140049}
		{E3973799-7370-4D17-882F-D48CFB8C10F3} = {EF35FB72-D934-45A8-9856-E60EA2623135}
		{8E8A9BBB-0168-4A90-9477-FF2C325ECDCB} = {BA3DCC4B-D8B9-4761-AAD9-4B1363140049}
	EndGlobalSection
	GlobalSection(ExtensibilityGlobals) = postSolution
		SolutionGuid = {B7A2B7A3-2AF0-4769-8E22-4FAA41E80591}
	EndGlobalSection
EndGlobal
