
Microsoft Visual Studio Solution File, Format Version 12.00
# Visual Studio 15
VisualStudioVersion = 15.0.27004.2002
MinimumVisualStudioVersion = 10.0.40219.1
Project("{2150E333-8FDC-42A3-9474-1A3956D46DE8}") = "src", "src", "{03D926D8-3E78-4E9A-BC09-3E1449A4AAAD}"
EndProject
Project("{2150E333-8FDC-42A3-9474-1A3956D46DE8}") = "test", "test", "{30BA76AF-9A0D-4D84-9021-6A871927D113}"
EndProject
Project("{2150E333-8FDC-42A3-9474-1A3956D46DE8}") = "references", "references", "{BDB19E52-7195-4489-80E7-13EDFC9BB6C5}"
EndProject
Project("{FAE04EC0-301F-11D3-BF4B-00C04F79EFBC}") = "AspectCore.Extensions.DataValidation", "AspectCore.Extensions.DataValidation\AspectCore.Extensions.DataValidation.csproj", "{45DCD6A9-69E9-4451-9475-FE33EE1EE5E3}"
EndProject
Global
	GlobalSection(SolutionConfigurationPlatforms) = preSolution
		Debug|Any CPU = Debug|Any CPU
		Release|Any CPU = Release|Any CPU
	EndGlobalSection
	GlobalSection(ProjectConfigurationPlatforms) = postSolution
		{45DCD6A9-69E9-4451-9475-FE33EE1EE5E3}.Debug|Any CPU.ActiveCfg = Debug|Any CPU
		{45DCD6A9-69E9-4451-9475-FE33EE1EE5E3}.Debug|Any CPU.Build.0 = Debug|Any CPU
		{45DCD6A9-69E9-4451-9475-FE33EE1EE5E3}.Release|Any CPU.ActiveCfg = Release|Any CPU
		{45DCD6A9-69E9-4451-9475-FE33EE1EE5E3}.Release|Any CPU.Build.0 = Release|Any CPU
	EndGlobalSection
	GlobalSection(SolutionProperties) = preSolution
		HideSolutionNode = FALSE
	EndGlobalSection
	GlobalSection(NestedProjects) = preSolution
		{45DCD6A9-69E9-4451-9475-FE33EE1EE5E3} = {03D926D8-3E78-4E9A-BC09-3E1449A4AAAD}
	EndGlobalSection
	GlobalSection(ExtensibilityGlobals) = postSolution
		SolutionGuid = {0F7F11D1-ACDF-4811-9B79-79B87D5CFE0A}
	EndGlobalSection
EndGlobal
