
Microsoft Visual Studio Solution File, Format Version 12.00
# Visual Studio 15
VisualStudioVersion = 15.0.26730.3
MinimumVisualStudioVersion = 10.0.40219.1
Project("{2150E333-8FDC-42A3-9474-1A3956D46DE8}") = "src", "src", "{03D926D8-3E78-4E9A-BC09-3E1449A4AAAD}"
EndProject
Project("{2150E333-8FDC-42A3-9474-1A3956D46DE8}") = "test", "test", "{30BA76AF-9A0D-4D84-9021-6A871927D113}"
EndProject
Project("{2150E333-8FDC-42A3-9474-1A3956D46DE8}") = "references", "references", "{BDB19E52-7195-4489-80E7-13EDFC9BB6C5}"
EndProject
Project("{9A19103F-16F7-4668-BE54-9A1E7A4F7556}") = "AspectCore.Extensions.DataValidation", "src\AspectCore.Extensions.DataValidation\AspectCore.Extensions.DataValidation.csproj", "{45DCD6A9-69E9-4451-9475-FE33EE1EE5E3}"
EndProject
Project("{9A19103F-16F7-4668-BE54-9A1E7A4F7556}") = "AspectCore.Extensions.Reflection", "..\reflection\src\AspectCore.Extensions.Reflection\AspectCore.Extensions.Reflection.csproj", "{4D46E91C-7E47-4D9C-9B48-A41CB659CC5E}"
EndProject
Project("{9A19103F-16F7-4668-BE54-9A1E7A4F7556}") = "AspectCore.Abstractions", "..\core\src\AspectCore.Abstractions\AspectCore.Abstractions.csproj", "{740AD869-5A7A-4ADC-BC3D-84BE7FCAD846}"
EndProject
Project("{9A19103F-16F7-4668-BE54-9A1E7A4F7556}") = "AspectCore.Core", "..\core\src\AspectCore.Core\AspectCore.Core.csproj", "{DC3202C4-4EB6-4AF5-AB26-BEE139F40AA2}"
EndProject
Project("{9A19103F-16F7-4668-BE54-9A1E7A4F7556}") = "AspectCore.Extensions.DataAnnotations", "src\AspectCore.Extensions.DataAnnotations\AspectCore.Extensions.DataAnnotations.csproj", "{B289FF4F-0520-4D67-B262-D2BEE7C3CF2E}"
EndProject
Project("{2150E333-8FDC-42A3-9474-1A3956D46DE8}") = "sample", "sample", "{4519147A-2000-4CC6-8BA2-E80D25FDAEC6}"
EndProject
Project("{9A19103F-16F7-4668-BE54-9A1E7A4F7556}") = "AspectCore.Extensions.DataAnnotations.Sample", "sample\AspectCore.Extensions.DataAnnotations.Sample\AspectCore.Extensions.DataAnnotations.Sample.csproj", "{C6787A14-DB67-40D7-A681-76FF8EEC8321}"
EndProject
Global
	GlobalSection(SolutionConfigurationPlatforms) = preSolution
		Debug|Any CPU = Debug|Any CPU
		Release|Any CPU = Release|Any CPU
	EndGlobalSection
	GlobalSection(ProjectConfigurationPlatforms) = postSolution
		{45DCD6A9-69E9-4451-9475-FE33EE1EE5E3}.Debug|Any CPU.ActiveCfg = Debug|Any CPU
		{45DCD6A9-69E9-4451-9475-FE33EE1EE5E3}.Debug|Any CPU.Build.0 = Debug|Any CPU
		{45DCD6A9-69E9-4451-9475-FE33EE1EE5E3}.Release|Any CPU.ActiveCfg = Release|Any CPU
		{45DCD6A9-69E9-4451-9475-FE33EE1EE5E3}.Release|Any CPU.Build.0 = Release|Any CPU
		{4D46E91C-7E47-4D9C-9B48-A41CB659CC5E}.Debug|Any CPU.ActiveCfg = Debug|Any CPU
		{4D46E91C-7E47-4D9C-9B48-A41CB659CC5E}.Debug|Any CPU.Build.0 = Debug|Any CPU
		{4D46E91C-7E47-4D9C-9B48-A41CB659CC5E}.Release|Any CPU.ActiveCfg = Release|Any CPU
		{4D46E91C-7E47-4D9C-9B48-A41CB659CC5E}.Release|Any CPU.Build.0 = Release|Any CPU
		{740AD869-5A7A-4ADC-BC3D-84BE7FCAD846}.Debug|Any CPU.ActiveCfg = Debug|Any CPU
		{740AD869-5A7A-4ADC-BC3D-84BE7FCAD846}.Debug|Any CPU.Build.0 = Debug|Any CPU
		{740AD869-5A7A-4ADC-BC3D-84BE7FCAD846}.Release|Any CPU.ActiveCfg = Release|Any CPU
		{740AD869-5A7A-4ADC-BC3D-84BE7FCAD846}.Release|Any CPU.Build.0 = Release|Any CPU
		{DC3202C4-4EB6-4AF5-AB26-BEE139F40AA2}.Debug|Any CPU.ActiveCfg = Debug|Any CPU
		{DC3202C4-4EB6-4AF5-AB26-BEE139F40AA2}.Debug|Any CPU.Build.0 = Debug|Any CPU
		{DC3202C4-4EB6-4AF5-AB26-BEE139F40AA2}.Release|Any CPU.ActiveCfg = Release|Any CPU
		{DC3202C4-4EB6-4AF5-AB26-BEE139F40AA2}.Release|Any CPU.Build.0 = Release|Any CPU
		{B289FF4F-0520-4D67-B262-D2BEE7C3CF2E}.Debug|Any CPU.ActiveCfg = Debug|Any CPU
		{B289FF4F-0520-4D67-B262-D2BEE7C3CF2E}.Debug|Any CPU.Build.0 = Debug|Any CPU
		{B289FF4F-0520-4D67-B262-D2BEE7C3CF2E}.Release|Any CPU.ActiveCfg = Release|Any CPU
		{B289FF4F-0520-4D67-B262-D2BEE7C3CF2E}.Release|Any CPU.Build.0 = Release|Any CPU
		{C6787A14-DB67-40D7-A681-76FF8EEC8321}.Debug|Any CPU.ActiveCfg = Debug|Any CPU
		{C6787A14-DB67-40D7-A681-76FF8EEC8321}.Debug|Any CPU.Build.0 = Debug|Any CPU
		{C6787A14-DB67-40D7-A681-76FF8EEC8321}.Release|Any CPU.ActiveCfg = Release|Any CPU
		{C6787A14-DB67-40D7-A681-76FF8EEC8321}.Release|Any CPU.Build.0 = Release|Any CPU
	EndGlobalSection
	GlobalSection(SolutionProperties) = preSolution
		HideSolutionNode = FALSE
	EndGlobalSection
	GlobalSection(NestedProjects) = preSolution
		{45DCD6A9-69E9-4451-9475-FE33EE1EE5E3} = {03D926D8-3E78-4E9A-BC09-3E1449A4AAAD}
		{4D46E91C-7E47-4D9C-9B48-A41CB659CC5E} = {BDB19E52-7195-4489-80E7-13EDFC9BB6C5}
		{740AD869-5A7A-4ADC-BC3D-84BE7FCAD846} = {BDB19E52-7195-4489-80E7-13EDFC9BB6C5}
		{DC3202C4-4EB6-4AF5-AB26-BEE139F40AA2} = {BDB19E52-7195-4489-80E7-13EDFC9BB6C5}
		{B289FF4F-0520-4D67-B262-D2BEE7C3CF2E} = {03D926D8-3E78-4E9A-BC09-3E1449A4AAAD}
		{C6787A14-DB67-40D7-A681-76FF8EEC8321} = {4519147A-2000-4CC6-8BA2-E80D25FDAEC6}
	EndGlobalSection
	GlobalSection(ExtensibilityGlobals) = postSolution
		SolutionGuid = {0F7F11D1-ACDF-4811-9B79-79B87D5CFE0A}
	EndGlobalSection
EndGlobal
